
Microsoft Visual Studio Solution File, Format Version 12.00
# Visual Studio Version 17
VisualStudioVersion = 17.2.32616.157
MinimumVisualStudioVersion = 10.0.40219.1
Project("{FAE04EC0-301F-11D3-BF4B-00C04F79EFBC}") = "KtapeTool", "KtapeTool.csproj", "{B8F5B07D-37B3-48CE-B975-F6B73CBE44C2}"
EndProject
Global
	GlobalSection(SolutionConfigurationPlatforms) = preSolution
		Debug|Any CPU = Debug|Any CPU
		Release|Any CPU = Release|Any CPU
	EndGlobalSection
	GlobalSection(ProjectConfigurationPlatforms) = postSolution
		{B8F5B07D-37B3-48CE-B975-F6B73CBE44C2}.Debug|Any CPU.ActiveCfg = Debug|Any CPU
		{B8F5B07D-37B3-48CE-B975-F6B73CBE44C2}.Debug|Any CPU.Build.0 = Debug|Any CPU
		{B8F5B07D-37B3-48CE-B975-F6B73CBE44C2}.Release|Any CPU.ActiveCfg = Release|Any CPU
		{B8F5B07D-37B3-48CE-B975-F6B73CBE44C2}.Release|Any CPU.Build.0 = Release|Any CPU
	EndGlobalSection
	GlobalSection(SolutionProperties) = preSolution
		HideSolutionNode = FALSE
	EndGlobalSection
	GlobalSection(ExtensibilityGlobals) = postSolution
		SolutionGuid = {FF076CD5-639A-4036-816E-899CB2ED7ABE}
	EndGlobalSection
EndGlobal
